{
  "name": "my-mern-app",
  "lockfileVersion": 3,
  "requires": true,
  "packages": {
    "": {
      "dependencies": {
        "express-async-handler": "^1.2.0",
        "react-error-boundary": "^6.1.0"
      }
    },
    "node_modules/express-async-handler": {
      "version": "1.2.0",
      "resolved": "https://registry.npmjs.org/express-async-handler/-/express-async-handler-1.2.0.tgz",
      "integrity": "sha512-rCSVtPXRmQSW8rmik/AIb2P0op6l7r1fMW538yyvTMltCO4xQEWMmobfrIxN2V1/mVrgxB8Az3reYF6yUZw37w==",
      "license": "MIT"
    },
    "node_modules/react": {
      "version": "19.2.4",
      "resolved": "https://registry.npmjs.org/react/-/react-19.2.4.tgz",
      "integrity": "sha512-9nfp2hYpCwOjAN+8TZFGhtWEwgvWHXqESH8qT89AT/lWklpLON22Lc8pEtnpsZz7VmawabSU0gCjnj8aC0euHQ==",
      "license": "MIT",
      "peer": true,
      "engines": {
        "node": ">=0.10.0"
      }
    },
    "node_modules/react-error-boundary": {
      "version": "6.1.0",
      "resolved": "https://registry.npmjs.org/react-error-boundary/-/react-error-boundary-6.1.0.tgz",
      "integrity": "sha512-02k9WQ/mUhdbXir0tC1NiMesGzRPaCsJEWU/4bcFrbY1YMZOtHShtZP6zw0SJrBWA/31H0KT9/FgdL8+sPKgHA==",
      "license": "MIT",
      "peerDependencies": {
        "react": "^18.0.0 || ^19.0.0"
      }
    }
  }
}
